
Microsoft Visual Studio Solution File, Format Version 12.00
# Visual Studio 14
VisualStudioVersion = 14.0.23107.0
MinimumVisualStudioVersion = 10.0.40219.1
Project("{8BC9CEB8-8B4A-11D0-8D11-00A0C91BC942}") = "rsmgpt", "rsmgpt\rsmgpt.vcxproj", "{04652124-0279-4425-8F3F-ADE9BCFCA799}"
EndProject
Project("{8BC9CEB8-8B4A-11D0-8D11-00A0C91BC942}") = "rsmgpt_exe", "rsmgpt_exe\rsmgpt_exe.vcxproj", "{761817BE-AC7C-4E1C-8338-823E271FD1A4}"
	ProjectSection(ProjectDependencies) = postProject
		{04652124-0279-4425-8F3F-ADE9BCFCA799} = {04652124-0279-4425-8F3F-ADE9BCFCA799}
	EndProjectSection
EndProject
Global
	GlobalSection(SolutionConfigurationPlatforms) = preSolution
		Debug|x64 = Debug|x64
		Debug|x86 = Debug|x86
		Release|x64 = Release|x64
		Release|x86 = Release|x86
	EndGlobalSection
	GlobalSection(ProjectConfigurationPlatforms) = postSolution
		{04652124-0279-4425-8F3F-ADE9BCFCA799}.Debug|x64.ActiveCfg = Debug|x64
		{04652124-0279-4425-8F3F-ADE9BCFCA799}.Debug|x64.Build.0 = Debug|x64
		{04652124-0279-4425-8F3F-ADE9BCFCA799}.Debug|x86.ActiveCfg = Debug|Win32
		{04652124-0279-4425-8F3F-ADE9BCFCA799}.Debug|x86.Build.0 = Debug|Win32
		{04652124-0279-4425-8F3F-ADE9BCFCA799}.Release|x64.ActiveCfg = Release|x64
		{04652124-0279-4425-8F3F-ADE9BCFCA799}.Release|x64.Build.0 = Release|x64
		{04652124-0279-4425-8F3F-ADE9BCFCA799}.Release|x86.ActiveCfg = Release|Win32
		{04652124-0279-4425-8F3F-ADE9BCFCA799}.Release|x86.Build.0 = Release|Win32
		{761817BE-AC7C-4E1C-8338-823E271FD1A4}.Debug|x64.ActiveCfg = Debug|x64
		{761817BE-AC7C-4E1C-8338-823E271FD1A4}.Debug|x64.Build.0 = Debug|x64
		{761817BE-AC7C-4E1C-8338-823E271FD1A4}.Debug|x86.ActiveCfg = Debug|Win32
		{761817BE-AC7C-4E1C-8338-823E271FD1A4}.Debug|x86.Build.0 = Debug|Win32
		{761817BE-AC7C-4E1C-8338-823E271FD1A4}.Release|x64.ActiveCfg = Release|x64
		{761817BE-AC7C-4E1C-8338-823E271FD1A4}.Release|x64.Build.0 = Release|x64
		{761817BE-AC7C-4E1C-8338-823E271FD1A4}.Release|x86.ActiveCfg = Release|Win32
		{761817BE-AC7C-4E1C-8338-823E271FD1A4}.Release|x86.Build.0 = Release|Win32
	EndGlobalSection
	GlobalSection(SolutionProperties) = preSolution
		HideSolutionNode = FALSE
	EndGlobalSection
EndGlobal
